{
  "name": "example",
  "version": "1.0.0",
  "lockfileVersion": 1,
  "requires": true,
  "dependencies": {
    "@hueyh/hello-npm-ts": {
      "version": "1.0.1",
      "resolved": "https://registry.npmjs.org/@hueyh/hello-npm-ts/-/hello-npm-ts-1.0.1.tgz",
      "integrity": "sha512-8SGoOb+0vXkLJM6Ee+QJycNqZBZbAnWjrKb3/nYP0wQwe4MP2h4gv7VpaC+DkWDs30kUfYtjcBJ9lrcyav3qJg==",
      "dev": true
    }
  }
}
